// !$*UTF8*$!
{
	archiveVersion = 1;
	classes = {
	};
	objectVersion = 46;
	objects = {

/* Begin PBXBuildFile section */
		477FB6261C46416D00552D3D /* AppDelegate.swift in Sources */ = {isa = PBXBuildFile; fileRef = 477FB6251C46416D00552D3D /* AppDelegate.swift */; };
		477FB62D1C46416D00552D3D /* Assets.xcassets in Resources */ = {isa = PBXBuildFile; fileRef = 477FB62C1C46416D00552D3D /* Assets.xcassets */; };
		477FB6301C46416D00552D3D /* LaunchScreen.storyboard in Resources */ = {isa = PBXBuildFile; fileRef = 477FB62E1C46416D00552D3D /* LaunchScreen.storyboard */; };
		477FB63E1C46418F00552D3D /* DKMainViewController.swift in Sources */ = {isa = PBXBuildFile; fileRef = 477FB63B1C46418F00552D3D /* DKMainViewController.swift */; };
		477FB63F1C46418F00552D3D /* DKBottomBarViewController.swift in Sources */ = {isa = PBXBuildFile; fileRef = 477FB63C1C46418F00552D3D /* DKBottomBarViewController.swift */; };
		477FB64E1C46445800552D3D /* DKBottomBarViewControllerConfiguration.swift in Sources */ = {isa = PBXBuildFile; fileRef = 477FB64D1C46445800552D3D /* DKBottomBarViewControllerConfiguration.swift */; };
/* End PBXBuildFile section */

/* Begin PBXFileReference section */
		477FB6221C46416D00552D3D /* Bottom-Bar.app */ = {isa = PBXFileReference; explicitFileType = wrapper.application; includeInIndex = 0; path = "Bottom-Bar.app"; sourceTree = BUILT_PRODUCTS_DIR; };
		477FB6251C46416D00552D3D /* AppDelegate.swift */ = {isa = PBXFileReference; lastKnownFileType = sourcecode.swift; path = AppDelegate.swift; sourceTree = "<group>"; };
		477FB62C1C46416D00552D3D /* Assets.xcassets */ = {isa = PBXFileReference; lastKnownFileType = folder.assetcatalog; path = Assets.xcassets; sourceTree = "<group>"; };
		477FB62F1C46416D00552D3D /* Base */ = {isa = PBXFileReference; lastKnownFileType = file.storyboard; name = Base; path = Base.lproj/LaunchScreen.storyboard; sourceTree = "<group>"; };
		477FB6311C46416D00552D3D /* Info.plist */ = {isa = PBXFileReference; lastKnownFileType = text.plist.xml; path = Info.plist; sourceTree = "<group>"; };
		477FB63B1C46418F00552D3D /* DKMainViewController.swift */ = {isa = PBXFileReference; fileEncoding = 4; lastKnownFileType = sourcecode.swift; path = DKMainViewController.swift; sourceTree = "<group>"; };
		477FB63C1C46418F00552D3D /* DKBottomBarViewController.swift */ = {isa = PBXFileReference; fileEncoding = 4; lastKnownFileType = sourcecode.swift; path = DKBottomBarViewController.swift; sourceTree = "<group>"; };
		477FB64D1C46445800552D3D /* DKBottomBarViewControllerConfiguration.swift */ = {isa = PBXFileReference; fileEncoding = 4; lastKnownFileType = sourcecode.swift; path = DKBottomBarViewControllerConfiguration.swift; sourceTree = "<group>"; };
/* End PBXFileReference section */

/* Begin PBXFrameworksBuildPhase section */
		477FB61F1C46416D00552D3D /* Frameworks */ = {
			isa = PBXFrameworksBuildPhase;
			buildActionMask = 2147483647;
			files = (
			);
			runOnlyForDeploymentPostprocessing = 0;
		};
/* End PBXFrameworksBuildPhase section */

/* Begin PBXGroup section */
		477FB6191C46416D00552D3D = {
			isa = PBXGroup;
			children = (
				477FB6241C46416D00552D3D /* Bottom-Bar */,
				477FB6231C46416D00552D3D /* Products */,
			);
			sourceTree = "<group>";
		};
		477FB6231C46416D00552D3D /* Products */ = {
			isa = PBXGroup;
			children = (
				477FB6221C46416D00552D3D /* Bottom-Bar.app */,
			);
			name = Products;
			sourceTree = "<group>";
		};
		477FB6241C46416D00552D3D /* Bottom-Bar */ = {
			isa = PBXGroup;
			children = (
				477FB6251C46416D00552D3D /* AppDelegate.swift */,
				477FB63B1C46418F00552D3D /* DKMainViewController.swift */,
				477FB63C1C46418F00552D3D /* DKBottomBarViewController.swift */,
				477FB64D1C46445800552D3D /* DKBottomBarViewControllerConfiguration.swift */,
				477FB6761C47B25500552D3D /* Supporting */,
			);
			path = "Bottom-Bar";
			sourceTree = "<group>";
		};
		477FB6761C47B25500552D3D /* Supporting */ = {
			isa = PBXGroup;
			children = (
				477FB62C1C46416D00552D3D /* Assets.xcassets */,
				477FB62E1C46416D00552D3D /* LaunchScreen.storyboard */,
				477FB6311C46416D00552D3D /* Info.plist */,
			);
			name = Supporting;
			sourceTree = "<group>";
		};
/* End PBXGroup section */

/* Begin PBXNativeTarget section */
		477FB6211C46416D00552D3D /* Bottom-Bar */ = {
			isa = PBXNativeTarget;
			buildConfigurationList = 477FB6341C46416D00552D3D /* Build configuration list for PBXNativeTarget "Bottom-Bar" */;
			buildPhases = (
				477FB61E1C46416D00552D3D /* Sources */,
				477FB61F1C46416D00552D3D /* Frameworks */,
				477FB6201C46416D00552D3D /* Resources */,
			);
			buildRules = (
			);
			dependencies = (
			);
			name = "Bottom-Bar";
			productName = "Bottom-Bar";
			productReference = 477FB6221C46416D00552D3D /* Bottom-Bar.app */;
			productType = "com.apple.product-type.application";
		};
/* End PBXNativeTarget section */

/* Begin PBXProject section */
		477FB61A1C46416D00552D3D /* Project object */ = {
			isa = PBXProject;
			attributes = {
				LastSwiftUpdateCheck = 0720;
				LastUpgradeCheck = 0720;
				ORGANIZATIONNAME = "De Kleijn Development";
				TargetAttributes = {
					477FB6211C46416D00552D3D = {
						CreatedOnToolsVersion = 7.2;
					};
				};
			};
			buildConfigurationList = 477FB61D1C46416D00552D3D /* Build configuration list for PBXProject "Bottom-Bar" */;
			compatibilityVersion = "Xcode 3.2";
			developmentRegion = English;
			hasScannedForEncodings = 0;
			knownRegions = (
				en,
				Base,
			);
			mainGroup = 477FB6191C46416D00552D3D;
			productRefGroup = 477FB6231C46416D00552D3D /* Products */;
			projectDirPath = "";
			projectRoot = "";
			targets = (
				477FB6211C46416D00552D3D /* Bottom-Bar */,
			);
		};
/* End PBXProject section */

/* Begin PBXResourcesBuildPhase section */
		477FB6201C46416D00552D3D /* Resources */ = {
			isa = PBXResourcesBuildPhase;
			buildActionMask = 2147483647;
			files = (
				477FB6301C46416D00552D3D /* LaunchScreen.storyboard in Resources */,
				477FB62D1C46416D00552D3D /* Assets.xcassets in Resources */,
			);
			runOnlyForDeploymentPostprocessing = 0;
		};
/* End PBXResourcesBuildPhase section */

/* Begin PBXSourcesBuildPhase section */
		477FB61E1C46416D00552D3D /* Sources */ = {
			isa = PBXSourcesBuildPhase;
			buildActionMask = 2147483647;
			files = (
				477FB64E1C46445800552D3D /* DKBottomBarViewControllerConfiguration.swift in Sources */,
				477FB6261C46416D00552D3D /* AppDelegate.swift in Sources */,
				477FB63E1C46418F00552D3D /* DKMainViewController.swift in Sources */,
				477FB63F1C46418F00552D3D /* DKBottomBarViewController.swift in Sources */,
			);
			runOnlyForDeploymentPostprocessing = 0;
		};
/* End PBXSourcesBuildPhase section */

/* Begin PBXVariantGroup section */
		477FB62E1C46416D00552D3D /* LaunchScreen.storyboard */ = {
			isa = PBXVariantGroup;
			children = (
				477FB62F1C46416D00552D3D /* Base */,
			);
			name = LaunchScreen.storyboard;
			sourceTree = "<group>";
		};
/* End PBXVariantGroup section */

/* Begin XCBuildConfiguration section */
		477FB6321C46416D00552D3D /* Debug */ = {
			isa = XCBuildConfiguration;
			buildSettings = {
				ALWAYS_SEARCH_USER_PATHS = NO;
				CLANG_CXX_LANGUAGE_STANDARD = "gnu++0x";
				CLANG_CXX_LIBRARY = "libc++";
				CLANG_ENABLE_MODULES = YES;
				CLANG_ENABLE_OBJC_ARC = YES;
				CLANG_WARN_BOOL_CONVERSION = YES;
				CLANG_WARN_CONSTANT_CONVERSION = YES;
				CLANG_WARN_DIRECT_OBJC_ISA_USAGE = YES_ERROR;
				CLANG_WARN_EMPTY_BODY = YES;
				CLANG_WARN_ENUM_CONVERSION = YES;
				CLANG_WARN_INT_CONVERSION = YES;
				CLANG_WARN_OBJC_ROOT_CLASS = YES_ERROR;
				CLANG_WARN_UNREACHABLE_CODE = YES;
				CLANG_WARN__DUPLICATE_METHOD_MATCH = YES;
				"CODE_SIGN_IDENTITY[sdk=iphoneos*]" = "iPhone Developer";
				COPY_PHASE_STRIP = NO;
				DEBUG_INFORMATION_FORMAT = dwarf;
				ENABLE_STRICT_OBJC_MSGSEND = YES;
				ENABLE_TESTABILITY = YES;
				GCC_C_LANGUAGE_STANDARD = gnu99;
				GCC_DYNAMIC_NO_PIC = NO;
				GCC_NO_COMMON_BLOCKS = YES;
				GCC_OPTIMIZATION_LEVEL = 0;
				GCC_PREPROCESSOR_DEFINITIONS = (
					"DEBUG=1",
					"$(inherited)",
				);
				GCC_WARN_64_TO_32_BIT_CONVERSION = YES;
				GCC_WARN_ABOUT_RETURN_TYPE = YES_ERROR;
				GCC_WARN_UNDECLARED_SELECTOR = YES;
				GCC_WARN_UNINITIALIZED_AUTOS = YES_AGGRESSIVE;
				GCC_WARN_UNUSED_FUNCTION = YES;
				GCC_WARN_UNUSED_VARIABLE = YES;
				IPHONEOS_DEPLOYMENT_TARGET = 9.2;
				MTL_ENABLE_DEBUG_INFO = YES;
				ONLY_ACTIVE_ARCH = YES;
				SDKROOT = iphoneos;
				SWIFT_OPTIMIZATION_LEVEL = "-Onone";
				TARGETED_DEVICE_FAMILY = "1,2";
			};
			name = Debug;
		};
		477FB6331C46416D00552D3D /* Release */ = {
			isa = XCBuildConfiguration;
			buildSettings = {
				ALWAYS_SEARCH_USER_PATHS = NO;
				CLANG_CXX_LANGUAGE_STANDARD = "gnu++0x";
				CLANG_CXX_LIBRARY = "libc++";
				CLANG_ENABLE_MODULES = YES;
				CLANG_ENABLE_OBJC_ARC = YES;
				CLANG_WARN_BOOL_CONVERSION = YES;
				CLANG_WARN_CONSTANT_CONVERSION = YES;
				CLANG_WARN_DIRECT_OBJC_ISA_USAGE = YES_ERROR;
				CLANG_WARN_EMPTY_BODY = YES;
				CLANG_WARN_ENUM_CONVERSION = YES;
				CLANG_WARN_INT_CONVERSION = YES;
				CLANG_WARN_OBJC_ROOT_CLASS = YES_ERROR;
				CLANG_WARN_UNREACHABLE_CODE = YES;
				CLANG_WARN__DUPLICATE_METHOD_MATCH = YES;
				"CODE_SIGN_IDENTITY[sdk=iphoneos*]" = "iPhone Developer";
				COPY_PHASE_STRIP = NO;
				DEBUG_INFORMATION_FORMAT = "dwarf-with-dsym";
				ENABLE_NS_ASSERTIONS = NO;
				ENABLE_STRICT_OBJC_MSGSEND = YES;
				GCC_C_LANGUAGE_STANDARD = gnu99;
				GCC_NO_COMMON_BLOCKS = YES;
				GCC_WARN_64_TO_32_BIT_CONVERSION = YES;
				GCC_WARN_ABOUT_RETURN_TYPE = YES_ERROR;
				GCC_WARN_UNDECLARED_SELECTOR = YES;
				GCC_WARN_UNINITIALIZED_AUTOS = YES_AGGRESSIVE;
				GCC_WARN_UNUSED_FUNCTION = YES;
				GCC_WARN_UNUSED_VARIABLE = YES;
				IPHONEOS_DEPLOYMENT_TARGET = 9.2;
				MTL_ENABLE_DEBUG_INFO = NO;
				SDKROOT = iphoneos;
				TARGETED_DEVICE_FAMILY = "1,2";
				VALIDATE_PRODUCT = YES;
			};
			name = Release;
		};
		477FB6351C46416D00552D3D /* Debug */ = {
			isa = XCBuildConfiguration;
			buildSettings = {
				ASSETCATALOG_COMPILER_APPICON_NAME = AppIcon;
				CLANG_ENABLE_MODULES = YES;
				INFOPLIST_FILE = "Bottom-Bar/Info.plist";
				LD_RUNPATH_SEARCH_PATHS = "$(inherited) @executable_path/Frameworks";
				PRODUCT_BUNDLE_IDENTIFIER = "nl.dekleijndevelopment.Bottom-Bar";
				PRODUCT_NAME = "$(TARGET_NAME)";
				SWIFT_OBJC_BRIDGING_HEADER = "";
				SWIFT_OPTIMIZATION_LEVEL = "-Onone";
			};
			name = Debug;
		};
		477FB6361C46416D00552D3D /* Release */ = {
			isa = XCBuildConfiguration;
			buildSettings = {
				ASSETCATALOG_COMPILER_APPICON_NAME = AppIcon;
				CLANG_ENABLE_MODULES = YES;
				INFOPLIST_FILE = "Bottom-Bar/Info.plist";
				LD_RUNPATH_SEARCH_PATHS = "$(inherited) @executable_path/Frameworks";
				PRODUCT_BUNDLE_IDENTIFIER = "nl.dekleijndevelopment.Bottom-Bar";
				PRODUCT_NAME = "$(TARGET_NAME)";
				SWIFT_OBJC_BRIDGING_HEADER = "";
			};
			name = Release;
		};
/* End XCBuildConfiguration section */

/* Begin XCConfigurationList section */
		477FB61D1C46416D00552D3D /* Build configuration list for PBXProject "Bottom-Bar" */ = {
			isa = XCConfigurationList;
			buildConfigurations = (
				477FB6321C46416D00552D3D /* Debug */,
				477FB6331C46416D00552D3D /* Release */,
			);
			defaultConfigurationIsVisible = 0;
			defaultConfigurationName = Release;
		};
		477FB6341C46416D00552D3D /* Build configuration list for PBXNativeTarget "Bottom-Bar" */ = {
			isa = XCConfigurationList;
			buildConfigurations = (
				477FB6351C46416D00552D3D /* Debug */,
				477FB6361C46416D00552D3D /* Release */,
			);
			defaultConfigurationIsVisible = 0;
			defaultConfigurationName = Release;
		};
/* End XCConfigurationList section */
	};
	rootObject = 477FB61A1C46416D00552D3D /* Project object */;
}
